{
  "name": "sample",
  "version": "1.0.0",
  "lockfileVersion": 1,
  "requires": true,
  "dependencies": {
    "ansi-colors": {
      "version": "4.1.1",
      "resolved": "https://registry.npm.taobao.org/ansi-colors/download/ansi-colors-4.1.1.tgz",
      "integrity": "sha1-y7muJWv3UK8eqzRPIpqif+lLo0g="
    },
    "enquirer": {
      "version": "2.3.6",
      "resolved": "https://registry.npm.taobao.org/enquirer/download/enquirer-2.3.6.tgz",
      "integrity": "sha1-Kn/l3WNKHkElqXXsmU/1RW3Dc00=",
      "requires": {
        "ansi-colors": "^4.1.1"
      }
    }
  }
}
